
Microsoft Visual Studio Solution File, Format Version 12.00
# Visual Studio Version 16
VisualStudioVersion = 16.0.33027.164
MinimumVisualStudioVersion = 10.0.40219.1
Project("{9A19103F-16F7-4668-BE54-9A1E7A4F7556}") = "SudokuGenerator", "SudokuGenerator\SudokuGenerator.csproj", "{C87DA53C-CC98-4902-9429-2B8B8311A2ED}"
EndProject
Project("{FAE04EC0-301F-11D3-BF4B-00C04F79EFBC}") = "SudokuSolver", "SudokuSolver\SudokuSolver.csproj", "{27A434FD-B5C4-4578-B97A-1F84D5D75960}"
EndProject
Global
	GlobalSection(SolutionConfigurationPlatforms) = preSolution
		Debug|Any CPU = Debug|Any CPU
		Release|Any CPU = Release|Any CPU
	EndGlobalSection
	GlobalSection(ProjectConfigurationPlatforms) = postSolution
		{C87DA53C-CC98-4902-9429-2B8B8311A2ED}.Debug|Any CPU.ActiveCfg = Debug|Any CPU
		{C87DA53C-CC98-4902-9429-2B8B8311A2ED}.Debug|Any CPU.Build.0 = Debug|Any CPU
		{C87DA53C-CC98-4902-9429-2B8B8311A2ED}.Release|Any CPU.ActiveCfg = Release|Any CPU
		{C87DA53C-CC98-4902-9429-2B8B8311A2ED}.Release|Any CPU.Build.0 = Release|Any CPU
		{27A434FD-B5C4-4578-B97A-1F84D5D75960}.Debug|Any CPU.ActiveCfg = Debug|Any CPU
		{27A434FD-B5C4-4578-B97A-1F84D5D75960}.Debug|Any CPU.Build.0 = Debug|Any CPU
		{27A434FD-B5C4-4578-B97A-1F84D5D75960}.Release|Any CPU.ActiveCfg = Release|Any CPU
		{27A434FD-B5C4-4578-B97A-1F84D5D75960}.Release|Any CPU.Build.0 = Release|Any CPU
	EndGlobalSection
	GlobalSection(SolutionProperties) = preSolution
		HideSolutionNode = FALSE
	EndGlobalSection
	GlobalSection(ExtensibilityGlobals) = postSolution
		SolutionGuid = {BE9A0D0A-AE4D-4226-813A-66AECC3DE0DA}
	EndGlobalSection
EndGlobal
